
Microsoft Visual Studio Solution File, Format Version 12.00
Project("{FAE04EC0-301F-11D3-BF4B-00C04F79EFBC}") = "PortLaMontagne", "PortLaMontagne\PortLaMontagne.csproj", "{2710B8D5-7F3F-4E83-A672-79E8DC0D7795}"
EndProject
Global
	GlobalSection(SolutionConfigurationPlatforms) = preSolution
		Debug|Any CPU = Debug|Any CPU
		Release|Any CPU = Release|Any CPU
	EndGlobalSection
	GlobalSection(ProjectConfigurationPlatforms) = postSolution
		{2710B8D5-7F3F-4E83-A672-79E8DC0D7795}.Debug|Any CPU.ActiveCfg = Debug|Any CPU
		{2710B8D5-7F3F-4E83-A672-79E8DC0D7795}.Debug|Any CPU.Build.0 = Debug|Any CPU
		{2710B8D5-7F3F-4E83-A672-79E8DC0D7795}.Release|Any CPU.ActiveCfg = Release|Any CPU
		{2710B8D5-7F3F-4E83-A672-79E8DC0D7795}.Release|Any CPU.Build.0 = Release|Any CPU
	EndGlobalSection
EndGlobal
